
Microsoft Visual Studio Solution File, Format Version 12.00
# Visual Studio 15
VisualStudioVersion = 15.0.26430.15
MinimumVisualStudioVersion = 10.0.40219.1
Project("{9A19103F-16F7-4668-BE54-9A1E7A4F7556}") = "regeh", "regeh\regeh.csproj", "{3F03C151-9E06-4488-8F76-59EF0FB1A3C2}"
EndProject
Project("{9A19103F-16F7-4668-BE54-9A1E7A4F7556}") = "knightGame", "knightGame\knightGame.csproj", "{4D3697FD-914E-4F04-A744-68FA02B53931}"
EndProject
Project("{FAE04EC0-301F-11D3-BF4B-00C04F79EFBC}") = "numberWars", "numberWars\numberWars.csproj", "{91198D72-119B-4E7A-BC3D-83B944E79121}"
EndProject
Project("{FAE04EC0-301F-11D3-BF4B-00C04F79EFBC}") = "hospital", "hospital\hospital.csproj", "{A8955D3F-5459-4F91-BE4E-DF38ACD824F4}"
EndProject
Global
	GlobalSection(SolutionConfigurationPlatforms) = preSolution
		Debug|Any CPU = Debug|Any CPU
		Release|Any CPU = Release|Any CPU
	EndGlobalSection
	GlobalSection(ProjectConfigurationPlatforms) = postSolution
		{3F03C151-9E06-4488-8F76-59EF0FB1A3C2}.Debug|Any CPU.ActiveCfg = Debug|Any CPU
		{3F03C151-9E06-4488-8F76-59EF0FB1A3C2}.Debug|Any CPU.Build.0 = Debug|Any CPU
		{3F03C151-9E06-4488-8F76-59EF0FB1A3C2}.Release|Any CPU.ActiveCfg = Release|Any CPU
		{3F03C151-9E06-4488-8F76-59EF0FB1A3C2}.Release|Any CPU.Build.0 = Release|Any CPU
		{4D3697FD-914E-4F04-A744-68FA02B53931}.Debug|Any CPU.ActiveCfg = Debug|Any CPU
		{4D3697FD-914E-4F04-A744-68FA02B53931}.Debug|Any CPU.Build.0 = Debug|Any CPU
		{4D3697FD-914E-4F04-A744-68FA02B53931}.Release|Any CPU.ActiveCfg = Release|Any CPU
		{4D3697FD-914E-4F04-A744-68FA02B53931}.Release|Any CPU.Build.0 = Release|Any CPU
		{91198D72-119B-4E7A-BC3D-83B944E79121}.Debug|Any CPU.ActiveCfg = Debug|Any CPU
		{91198D72-119B-4E7A-BC3D-83B944E79121}.Debug|Any CPU.Build.0 = Debug|Any CPU
		{91198D72-119B-4E7A-BC3D-83B944E79121}.Release|Any CPU.ActiveCfg = Release|Any CPU
		{91198D72-119B-4E7A-BC3D-83B944E79121}.Release|Any CPU.Build.0 = Release|Any CPU
		{A8955D3F-5459-4F91-BE4E-DF38ACD824F4}.Debug|Any CPU.ActiveCfg = Debug|Any CPU
		{A8955D3F-5459-4F91-BE4E-DF38ACD824F4}.Debug|Any CPU.Build.0 = Debug|Any CPU
		{A8955D3F-5459-4F91-BE4E-DF38ACD824F4}.Release|Any CPU.ActiveCfg = Release|Any CPU
		{A8955D3F-5459-4F91-BE4E-DF38ACD824F4}.Release|Any CPU.Build.0 = Release|Any CPU
	EndGlobalSection
	GlobalSection(SolutionProperties) = preSolution
		HideSolutionNode = FALSE
	EndGlobalSection
EndGlobal
